Microsoft Visual Studio Solution File, Format Version 12.00
# Visual Studio Version 17
VisualStudioVersion = 17.5.2.0
MinimumVisualStudioVersion = 10.0.40219.1
Project("{FAE04EC0-301F-11D3-BF4B-00C04F79EFBC}") = "csharp-6-methods-2", "csharp-6-methods-2.csproj", "{45B7C027-BB13-539D-D893-C79EC8B7453A}"
EndProject
Global
	GlobalSection(SolutionConfigurationPlatforms) = preSolution
		Debug|Any CPU = Debug|Any CPU
		Release|Any CPU = Release|Any CPU
	EndGlobalSection
	GlobalSection(ProjectConfigurationPlatforms) = postSolution
		{45B7C027-BB13-539D-D893-C79EC8B7453A}.Debug|Any CPU.ActiveCfg = Debug|Any CPU
		{45B7C027-BB13-539D-D893-C79EC8B7453A}.Debug|Any CPU.Build.0 = Debug|Any CPU
		{45B7C027-BB13-539D-D893-C79EC8B7453A}.Release|Any CPU.ActiveCfg = Release|Any CPU
		{45B7C027-BB13-539D-D893-C79EC8B7453A}.Release|Any CPU.Build.0 = Release|Any CPU
	EndGlobalSection
	GlobalSection(SolutionProperties) = preSolution
		HideSolutionNode = FALSE
	EndGlobalSection
	GlobalSection(ExtensibilityGlobals) = postSolution
		SolutionGuid = {A7B161C6-DC4D-41C2-8408-25E36CCDB3F7}
	EndGlobalSection
EndGlobal
